
Microsoft Visual Studio Solution File, Format Version 12.00
# Visual Studio Version 17
VisualStudioVersion = 17.7.34031.279
MinimumVisualStudioVersion = 10.0.40219.1
Project("{FAE04EC0-301F-11D3-BF4B-00C04F79EFBC}") = "GestionEvenementASP", "GestionEvenementASP\GestionEvenementASP.csproj", "{048E569B-C547-4CD4-863E-B5EF3B0755C9}"
EndProject
Project("{FAE04EC0-301F-11D3-BF4B-00C04F79EFBC}") = "DAL", "DAL\DAL.csproj", "{B4E8D404-9FBA-4E6F-8BA1-E18B2FF23174}"
EndProject
Global
	GlobalSection(SolutionConfigurationPlatforms) = preSolution
		Debug|Any CPU = Debug|Any CPU
		Release|Any CPU = Release|Any CPU
	EndGlobalSection
	GlobalSection(ProjectConfigurationPlatforms) = postSolution
		{048E569B-C547-4CD4-863E-B5EF3B0755C9}.Debug|Any CPU.ActiveCfg = Debug|Any CPU
		{048E569B-C547-4CD4-863E-B5EF3B0755C9}.Debug|Any CPU.Build.0 = Debug|Any CPU
		{048E569B-C547-4CD4-863E-B5EF3B0755C9}.Release|Any CPU.ActiveCfg = Release|Any CPU
		{048E569B-C547-4CD4-863E-B5EF3B0755C9}.Release|Any CPU.Build.0 = Release|Any CPU
		{B4E8D404-9FBA-4E6F-8BA1-E18B2FF23174}.Debug|Any CPU.ActiveCfg = Debug|Any CPU
		{B4E8D404-9FBA-4E6F-8BA1-E18B2FF23174}.Debug|Any CPU.Build.0 = Debug|Any CPU
		{B4E8D404-9FBA-4E6F-8BA1-E18B2FF23174}.Release|Any CPU.ActiveCfg = Release|Any CPU
		{B4E8D404-9FBA-4E6F-8BA1-E18B2FF23174}.Release|Any CPU.Build.0 = Release|Any CPU
	EndGlobalSection
	GlobalSection(SolutionProperties) = preSolution
		HideSolutionNode = FALSE
	EndGlobalSection
	GlobalSection(ExtensibilityGlobals) = postSolution
		SolutionGuid = {286C5225-E5D1-4171-AB34-C42E5D781FB6}
	EndGlobalSection
EndGlobal
